// !$*UTF8*$!
{
	archiveVersion = 1;
	classes = {
	};
	objectVersion = 56;
	objects = {

/* Begin PBXBuildFile section */
		91221CAC2C97AFDF0039725A /* EnvironmentKeys.swift in Sources */ = {isa = PBXBuildFile; fileRef = 91221CAB2C97AFDF0039725A /* EnvironmentKeys.swift */; };
		912863912C92489200172F77 /* HeliAnimationView.swift in Sources */ = {isa = PBXBuildFile; fileRef = 912863902C92489200172F77 /* HeliAnimationView.swift */; };
		912863952C929A0D00172F77 /* NotamData.swift in Sources */ = {isa = PBXBuildFile; fileRef = 912863942C929A0D00172F77 /* NotamData.swift */; };
		913199522C877CB20012F1F6 /* CodableBundleExtension.swift in Sources */ = {isa = PBXBuildFile; fileRef = 913199512C877CB20012F1F6 /* CodableBundleExtension.swift */; };
		9139459C2C9CACEE00A6FAAA /* TrafficAnnotationView.swift in Sources */ = {isa = PBXBuildFile; fileRef = 9139459B2C9CACEE00A6FAAA /* TrafficAnnotationView.swift */; };
		9139459E2C9CB38C00A6FAAA /* TrafficAnnotation.swift in Sources */ = {isa = PBXBuildFile; fileRef = 9139459D2C9CB38C00A6FAAA /* TrafficAnnotation.swift */; };
		91556CD32C9B8F5400614043 /* Starscream in Frameworks */ = {isa = PBXBuildFile; productRef = 91556CD22C9B8F5400614043 /* Starscream */; };
		91556CD52C9B8F9000614043 /* WebSocketManager.swift in Sources */ = {isa = PBXBuildFile; fileRef = 91556CD42C9B8F8700614043 /* WebSocketManager.swift */; };
		9161A57D2C8BE98900BEE1E6 /* HomeLocation.swift in Sources */ = {isa = PBXBuildFile; fileRef = 9161A57C2C8BE98900BEE1E6 /* HomeLocation.swift */; };
		9161A5802C8BE9D400BEE1E6 /* LocationDeniedView.swift in Sources */ = {isa = PBXBuildFile; fileRef = 9161A57F2C8BE9D400BEE1E6 /* LocationDeniedView.swift */; };
		9161A5832C8BEAA200BEE1E6 /* LocationManager.swift in Sources */ = {isa = PBXBuildFile; fileRef = 9161A5822C8BEAA200BEE1E6 /* LocationManager.swift */; };
		916BE57C2C95E78100468DB0 /* NotamAnnotationView.swift in Sources */ = {isa = PBXBuildFile; fileRef = 916BE57B2C95E78100468DB0 /* NotamAnnotationView.swift */; };
		916BE57E2C95E7A500468DB0 /* NotamAnnotation.swift in Sources */ = {isa = PBXBuildFile; fileRef = 916BE57D2C95E7A500468DB0 /* NotamAnnotation.swift */; };
		91812E512C97DF6A006388FD /* TrafficModel.swift in Sources */ = {isa = PBXBuildFile; fileRef = 91812E502C97DF6A006388FD /* TrafficModel.swift */; };
		918510442C84EDEB005D927C /* AirBossApp.swift in Sources */ = {isa = PBXBuildFile; fileRef = 918510432C84EDEB005D927C /* AirBossApp.swift */; };
		918510462C84EDEB005D927C /* ContentView.swift in Sources */ = {isa = PBXBuildFile; fileRef = 918510452C84EDEB005D927C /* ContentView.swift */; };
		9185104A2C84EDEC005D927C /* Assets.xcassets in Resources */ = {isa = PBXBuildFile; fileRef = 918510492C84EDEC005D927C /* Assets.xcassets */; };
		9185104D2C84EDEC005D927C /* Preview Assets.xcassets in Resources */ = {isa = PBXBuildFile; fileRef = 9185104C2C84EDEC005D927C /* Preview Assets.xcassets */; };
		918510582C8537BF005D927C /* NOT USED ADSB.swift in Sources */ = {isa = PBXBuildFile; fileRef = 918510572C8537BF005D927C /* NOT USED ADSB.swift */; };
		9185105A2C853894005D927C /* ADSB.json in Resources */ = {isa = PBXBuildFile; fileRef = 918510592C853894005D927C /* ADSB.json */; };
		9185105D2C855593005D927C /* ADSB.swift in Sources */ = {isa = PBXBuildFile; fileRef = 9185105C2C855593005D927C /* ADSB.swift */; };
		9194226C2C914C910067231D /* RotorView.swift in Sources */ = {isa = PBXBuildFile; fileRef = 9194226B2C914C910067231D /* RotorView.swift */; };
		919807852C8FF71F0005DCCD /* notam.json in Resources */ = {isa = PBXBuildFile; fileRef = 919807842C8FF71F0005DCCD /* notam.json */; };
		91A568F82C9E890200BE9CE3 /* BlueButtonView.swift in Sources */ = {isa = PBXBuildFile; fileRef = 91A568F72C9E890200BE9CE3 /* BlueButtonView.swift */; };
		91AB30322CA0F8210077216A /* RedButtonView.swift in Sources */ = {isa = PBXBuildFile; fileRef = 91AB30312CA0F8210077216A /* RedButtonView.swift */; };
		91AB30342CA2270F0077216A /* Starscream in Frameworks */ = {isa = PBXBuildFile; productRef = 91AB30332CA2270F0077216A /* Starscream */; };
		91ADD1BB2C8A0818002FC779 /* WeatherManager.swift in Sources */ = {isa = PBXBuildFile; fileRef = 91ADD1BA2C8A0818002FC779 /* WeatherManager.swift */; };
		91ADD1BD2C8A4D29002FC779 /* AttributionView.swift in Sources */ = {isa = PBXBuildFile; fileRef = 91ADD1BC2C8A4D29002FC779 /* AttributionView.swift */; };
		91ADD1BF2C8A6065002FC779 /* DayWeatherView.swift in Sources */ = {isa = PBXBuildFile; fileRef = 91ADD1BE2C8A6065002FC779 /* DayWeatherView.swift */; };
		91ADD1C82C8A681E002FC779 /* CLLocation+Extensions.swift in Sources */ = {isa = PBXBuildFile; fileRef = 91ADD1C02C8A681D002FC779 /* CLLocation+Extensions.swift */; };
		91ADD1C92C8A681E002FC779 /* Date+Extensions.swift in Sources */ = {isa = PBXBuildFile; fileRef = 91ADD1C12C8A681D002FC779 /* Date+Extensions.swift */; };
		91ADD1CA2C8A681E002FC779 /* String+Extensions.swift in Sources */ = {isa = PBXBuildFile; fileRef = 91ADD1C22C8A681D002FC779 /* String+Extensions.swift */; };
		91ADD1CB2C8A681E002FC779 /* Data+Extensions.swift in Sources */ = {isa = PBXBuildFile; fileRef = 91ADD1C32C8A681D002FC779 /* Data+Extensions.swift */; };
		91ADD1CC2C8A681E002FC779 /* CLLocationCoordinate2D+Extensions.swift in Sources */ = {isa = PBXBuildFile; fileRef = 91ADD1C42C8A681D002FC779 /* CLLocationCoordinate2D+Extensions.swift */; };
		91ADD1CD2C8A681E002FC779 /* Int+Extensions.swift in Sources */ = {isa = PBXBuildFile; fileRef = 91ADD1C52C8A681D002FC779 /* Int+Extensions.swift */; };
		91ADD1CE2C8A681E002FC779 /* Double+Extensions.swift in Sources */ = {isa = PBXBuildFile; fileRef = 91ADD1C62C8A681D002FC779 /* Double+Extensions.swift */; };
		91ADD1CF2C8A681E002FC779 /* CGFloat+Extensions.swift in Sources */ = {isa = PBXBuildFile; fileRef = 91ADD1C72C8A681E002FC779 /* CGFloat+Extensions.swift */; };
		91B750342C892719001BEAB9 /* CurrentWeatherView.swift in Sources */ = {isa = PBXBuildFile; fileRef = 91B750332C892719001BEAB9 /* CurrentWeatherView.swift */; };
		91B750362C89278F001BEAB9 /* WeatherBackgroundView.swift in Sources */ = {isa = PBXBuildFile; fileRef = 91B750352C89278F001BEAB9 /* WeatherBackgroundView.swift */; };
		91B750382C89290B001BEAB9 /* ColorExtension.swift in Sources */ = {isa = PBXBuildFile; fileRef = 91B750372C89290B001BEAB9 /* ColorExtension.swift */; };
		91B7503B2C894699001BEAB9 /* MapView.swift in Sources */ = {isa = PBXBuildFile; fileRef = 91B7503A2C894699001BEAB9 /* MapView.swift */; };
		91BDE13E2C9F8DEB0003CA36 /* IcaoTypeTableView.swift in Sources */ = {isa = PBXBuildFile; fileRef = 91BDE13D2C9F8DEB0003CA36 /* IcaoTypeTableView.swift */; };
		91BDE1402C9FBC160003CA36 /* AircraftTableView.swift in Sources */ = {isa = PBXBuildFile; fileRef = 91BDE13F2C9FBC160003CA36 /* AircraftTableView.swift */; };
		91BDE1422C9FC4F30003CA36 /* CircularProgress.swift in Sources */ = {isa = PBXBuildFile; fileRef = 91BDE1412C9FC4F30003CA36 /* CircularProgress.swift */; };
		91C3CA232C8E904500D6B5EE /* NotamModel.swift in Sources */ = {isa = PBXBuildFile; fileRef = 91C3CA222C8E904500D6B5EE /* NotamModel.swift */; };
		91C3CA262C8E92FC00D6B5EE /* NotamManager.swift in Sources */ = {isa = PBXBuildFile; fileRef = 91C3CA252C8E92FC00D6B5EE /* NotamManager.swift */; };
		91C3CA282C8E992F00D6B5EE /* URLSession+Extension.swift in Sources */ = {isa = PBXBuildFile; fileRef = 91C3CA272C8E992F00D6B5EE /* URLSession+Extension.swift */; };
		91DAABAB2C9DCA5600E51DF3 /* Aircraft.swift in Sources */ = {isa = PBXBuildFile; fileRef = 91DAABAA2C9DCA5600E51DF3 /* Aircraft.swift */; };
		91DAABB02C9DD65700E51DF3 /* ImportView.swift in Sources */ = {isa = PBXBuildFile; fileRef = 91DAABAF2C9DD65700E51DF3 /* ImportView.swift */; };
		91DAABB22C9DD73000E51DF3 /* ImportPreviewer.swift in Sources */ = {isa = PBXBuildFile; fileRef = 91DAABB12C9DD73000E51DF3 /* ImportPreviewer.swift */; };
/* End PBXBuildFile section */

/* Begin PBXFileReference section */
		91221CAB2C97AFDF0039725A /* EnvironmentKeys.swift */ = {isa = PBXFileReference; lastKnownFileType = sourcecode.swift; path = EnvironmentKeys.swift; sourceTree = "<group>"; };
		912863902C92489200172F77 /* HeliAnimationView.swift */ = {isa = PBXFileReference; lastKnownFileType = sourcecode.swift; path = HeliAnimationView.swift; sourceTree = "<group>"; };
		912863942C929A0D00172F77 /* NotamData.swift */ = {isa = PBXFileReference; lastKnownFileType = sourcecode.swift; path = NotamData.swift; sourceTree = "<group>"; };
		913199512C877CB20012F1F6 /* CodableBundleExtension.swift */ = {isa = PBXFileReference; lastKnownFileType = sourcecode.swift; path = CodableBundleExtension.swift; sourceTree = "<group>"; };
		9139459B2C9CACEE00A6FAAA /* TrafficAnnotationView.swift */ = {isa = PBXFileReference; lastKnownFileType = sourcecode.swift; path = TrafficAnnotationView.swift; sourceTree = "<group>"; };
		9139459D2C9CB38C00A6FAAA /* TrafficAnnotation.swift */ = {isa = PBXFileReference; lastKnownFileType = sourcecode.swift; path = TrafficAnnotation.swift; sourceTree = "<group>"; };
		91556CD42C9B8F8700614043 /* WebSocketManager.swift */ = {isa = PBXFileReference; lastKnownFileType = sourcecode.swift; path = WebSocketManager.swift; sourceTree = "<group>"; };
		9161A57C2C8BE98900BEE1E6 /* HomeLocation.swift */ = {isa = PBXFileReference; fileEncoding = 4; lastKnownFileType = sourcecode.swift; path = HomeLocation.swift; sourceTree = "<group>"; };
		9161A57F2C8BE9D400BEE1E6 /* LocationDeniedView.swift */ = {isa = PBXFileReference; fileEncoding = 4; lastKnownFileType = sourcecode.swift; path = LocationDeniedView.swift; sourceTree = "<group>"; };
		9161A5822C8BEAA200BEE1E6 /* LocationManager.swift */ = {isa = PBXFileReference; fileEncoding = 4; lastKnownFileType = sourcecode.swift; path = LocationManager.swift; sourceTree = "<group>"; };
		916BE57B2C95E78100468DB0 /* NotamAnnotationView.swift */ = {isa = PBXFileReference; lastKnownFileType = sourcecode.swift; path = NotamAnnotationView.swift; sourceTree = "<group>"; };
		916BE57D2C95E7A500468DB0 /* NotamAnnotation.swift */ = {isa = PBXFileReference; lastKnownFileType = sourcecode.swift; path = NotamAnnotation.swift; sourceTree = "<group>"; };
		91812E502C97DF6A006388FD /* TrafficModel.swift */ = {isa = PBXFileReference; lastKnownFileType = sourcecode.swift; path = TrafficModel.swift; sourceTree = "<group>"; };
		918510402C84EDEB005D927C /* AirBoss.app */ = {isa = PBXFileReference; explicitFileType = wrapper.application; includeInIndex = 0; path = AirBoss.app; sourceTree = BUILT_PRODUCTS_DIR; };
		918510432C84EDEB005D927C /* AirBossApp.swift */ = {isa = PBXFileReference; lastKnownFileType = sourcecode.swift; path = AirBossApp.swift; sourceTree = "<group>"; };
		918510452C84EDEB005D927C /* ContentView.swift */ = {isa = PBXFileReference; lastKnownFileType = sourcecode.swift; path = ContentView.swift; sourceTree = "<group>"; };
		918510492C84EDEC005D927C /* Assets.xcassets */ = {isa = PBXFileReference; lastKnownFileType = folder.assetcatalog; path = Assets.xcassets; sourceTree = "<group>"; };
		9185104C2C84EDEC005D927C /* Preview Assets.xcassets */ = {isa = PBXFileReference; lastKnownFileType = folder.assetcatalog; path = "Preview Assets.xcassets"; sourceTree = "<group>"; };
		918510572C8537BF005D927C /* NOT USED ADSB.swift */ = {isa = PBXFileReference; lastKnownFileType = sourcecode.swift; path = "NOT USED ADSB.swift"; sourceTree = "<group>"; };
		918510592C853894005D927C /* ADSB.json */ = {isa = PBXFileReference; lastKnownFileType = text.json; path = ADSB.json; sourceTree = "<group>"; };
		9185105C2C855593005D927C /* ADSB.swift */ = {isa = PBXFileReference; lastKnownFileType = sourcecode.swift; path = ADSB.swift; sourceTree = "<group>"; };
		9194226B2C914C910067231D /* RotorView.swift */ = {isa = PBXFileReference; lastKnownFileType = sourcecode.swift; path = RotorView.swift; sourceTree = "<group>"; };
		919807842C8FF71F0005DCCD /* notam.json */ = {isa = PBXFileReference; lastKnownFileType = text.json; name = notam.json; path = AirBoss/Models/notam.json; sourceTree = SOURCE_ROOT; };
		91A568F72C9E890200BE9CE3 /* BlueButtonView.swift */ = {isa = PBXFileReference; lastKnownFileType = sourcecode.swift; path = BlueButtonView.swift; sourceTree = "<group>"; };
		91AB30312CA0F8210077216A /* RedButtonView.swift */ = {isa = PBXFileReference; lastKnownFileType = sourcecode.swift; path = RedButtonView.swift; sourceTree = "<group>"; };
		91ADD1BA2C8A0818002FC779 /* WeatherManager.swift */ = {isa = PBXFileReference; lastKnownFileType = sourcecode.swift; path = WeatherManager.swift; sourceTree = "<group>"; };
		91ADD1BC2C8A4D29002FC779 /* AttributionView.swift */ = {isa = PBXFileReference; fileEncoding = 4; lastKnownFileType = sourcecode.swift; path = AttributionView.swift; sourceTree = "<group>"; };
		91ADD1BE2C8A6065002FC779 /* DayWeatherView.swift */ = {isa = PBXFileReference; lastKnownFileType = sourcecode.swift; path = DayWeatherView.swift; sourceTree = "<group>"; };
		91ADD1C02C8A681D002FC779 /* CLLocation+Extensions.swift */ = {isa = PBXFileReference; fileEncoding = 4; lastKnownFileType = sourcecode.swift; path = "CLLocation+Extensions.swift"; sourceTree = "<group>"; };
		91ADD1C12C8A681D002FC779 /* Date+Extensions.swift */ = {isa = PBXFileReference; fileEncoding = 4; lastKnownFileType = sourcecode.swift; path = "Date+Extensions.swift"; sourceTree = "<group>"; };
		91ADD1C22C8A681D002FC779 /* String+Extensions.swift */ = {isa = PBXFileReference; fileEncoding = 4; lastKnownFileType = sourcecode.swift; path = "String+Extensions.swift"; sourceTree = "<group>"; };
		91ADD1C32C8A681D002FC779 /* Data+Extensions.swift */ = {isa = PBXFileReference; fileEncoding = 4; lastKnownFileType = sourcecode.swift; path = "Data+Extensions.swift"; sourceTree = "<group>"; };
		91ADD1C42C8A681D002FC779 /* CLLocationCoordinate2D+Extensions.swift */ = {isa = PBXFileReference; fileEncoding = 4; lastKnownFileType = sourcecode.swift; path = "CLLocationCoordinate2D+Extensions.swift"; sourceTree = "<group>"; };
		91ADD1C52C8A681D002FC779 /* Int+Extensions.swift */ = {isa = PBXFileReference; fileEncoding = 4; lastKnownFileType = sourcecode.swift; path = "Int+Extensions.swift"; sourceTree = "<group>"; };
		91ADD1C62C8A681D002FC779 /* Double+Extensions.swift */ = {isa = PBXFileReference; fileEncoding = 4; lastKnownFileType = sourcecode.swift; path = "Double+Extensions.swift"; sourceTree = "<group>"; };
		91ADD1C72C8A681E002FC779 /* CGFloat+Extensions.swift */ = {isa = PBXFileReference; fileEncoding = 4; lastKnownFileType = sourcecode.swift; path = "CGFloat+Extensions.swift"; sourceTree = "<group>"; };
		91B750332C892719001BEAB9 /* CurrentWeatherView.swift */ = {isa = PBXFileReference; lastKnownFileType = sourcecode.swift; path = CurrentWeatherView.swift; sourceTree = "<group>"; };
		91B750352C89278F001BEAB9 /* WeatherBackgroundView.swift */ = {isa = PBXFileReference; lastKnownFileType = sourcecode.swift; path = WeatherBackgroundView.swift; sourceTree = "<group>"; };
		91B750372C89290B001BEAB9 /* ColorExtension.swift */ = {isa = PBXFileReference; fileEncoding = 4; lastKnownFileType = sourcecode.swift; path = ColorExtension.swift; sourceTree = "<group>"; };
		91B7503A2C894699001BEAB9 /* MapView.swift */ = {isa = PBXFileReference; lastKnownFileType = sourcecode.swift; path = MapView.swift; sourceTree = "<group>"; };
		91B7503C2C8963FE001BEAB9 /* AirBoss.entitlements */ = {isa = PBXFileReference; lastKnownFileType = text.plist.entitlements; path = AirBoss.entitlements; sourceTree = "<group>"; };
		91BDE13D2C9F8DEB0003CA36 /* IcaoTypeTableView.swift */ = {isa = PBXFileReference; lastKnownFileType = sourcecode.swift; path = IcaoTypeTableView.swift; sourceTree = "<group>"; };
		91BDE13F2C9FBC160003CA36 /* AircraftTableView.swift */ = {isa = PBXFileReference; lastKnownFileType = sourcecode.swift; path = AircraftTableView.swift; sourceTree = "<group>"; };
		91BDE1412C9FC4F30003CA36 /* CircularProgress.swift */ = {isa = PBXFileReference; lastKnownFileType = sourcecode.swift; path = CircularProgress.swift; sourceTree = "<group>"; };
		91C3CA222C8E904500D6B5EE /* NotamModel.swift */ = {isa = PBXFileReference; lastKnownFileType = sourcecode.swift; path = NotamModel.swift; sourceTree = "<group>"; };
		91C3CA252C8E92FC00D6B5EE /* NotamManager.swift */ = {isa = PBXFileReference; lastKnownFileType = sourcecode.swift; path = NotamManager.swift; sourceTree = "<group>"; };
		91C3CA272C8E992F00D6B5EE /* URLSession+Extension.swift */ = {isa = PBXFileReference; lastKnownFileType = sourcecode.swift; path = "URLSession+Extension.swift"; sourceTree = "<group>"; };
		91DAABAA2C9DCA5600E51DF3 /* Aircraft.swift */ = {isa = PBXFileReference; lastKnownFileType = sourcecode.swift; path = Aircraft.swift; sourceTree = "<group>"; };
		91DAABAF2C9DD65700E51DF3 /* ImportView.swift */ = {isa = PBXFileReference; lastKnownFileType = sourcecode.swift; path = ImportView.swift; sourceTree = "<group>"; };
		91DAABB12C9DD73000E51DF3 /* ImportPreviewer.swift */ = {isa = PBXFileReference; lastKnownFileType = sourcecode.swift; path = ImportPreviewer.swift; sourceTree = "<group>"; };
/* End PBXFileReference section */

/* Begin PBXFrameworksBuildPhase section */
		9185103D2C84EDEB005D927C /* Frameworks */ = {
			isa = PBXFrameworksBuildPhase;
			buildActionMask = 2147483647;
			files = (
				91556CD32C9B8F5400614043 /* Starscream in Frameworks */,
				91AB30342CA2270F0077216A /* Starscream in Frameworks */,
			);
			runOnlyForDeploymentPostprocessing = 0;
		};
/* End PBXFrameworksBuildPhase section */

/* Begin PBXGroup section */
		913199502C877C410012F1F6 /* Extensions */ = {
			isa = PBXGroup;
			children = (
				91ADD1C72C8A681E002FC779 /* CGFloat+Extensions.swift */,
				91ADD1C02C8A681D002FC779 /* CLLocation+Extensions.swift */,
				91ADD1C42C8A681D002FC779 /* CLLocationCoordinate2D+Extensions.swift */,
				91ADD1C32C8A681D002FC779 /* Data+Extensions.swift */,
				91ADD1C12C8A681D002FC779 /* Date+Extensions.swift */,
				91ADD1C62C8A681D002FC779 /* Double+Extensions.swift */,
				91ADD1C52C8A681D002FC779 /* Int+Extensions.swift */,
				91ADD1C22C8A681D002FC779 /* String+Extensions.swift */,
				91B750372C89290B001BEAB9 /* ColorExtension.swift */,
				913199512C877CB20012F1F6 /* CodableBundleExtension.swift */,
				91C3CA272C8E992F00D6B5EE /* URLSession+Extension.swift */,
			);
			path = Extensions;
			sourceTree = "<group>";
		};
		9161A57B2C8BE95E00BEE1E6 /* Models */ = {
			isa = PBXGroup;
			children = (
				9161A57C2C8BE98900BEE1E6 /* HomeLocation.swift */,
				9185105C2C855593005D927C /* ADSB.swift */,
				918510592C853894005D927C /* ADSB.json */,
				91C3CA222C8E904500D6B5EE /* NotamModel.swift */,
				91DAABAA2C9DCA5600E51DF3 /* Aircraft.swift */,
			);
			path = Models;
			sourceTree = "<group>";
		};
		9161A57E2C8BE9BC00BEE1E6 /* Views */ = {
			isa = PBXGroup;
			children = (
				9161A57F2C8BE9D400BEE1E6 /* LocationDeniedView.swift */,
				9194226B2C914C910067231D /* RotorView.swift */,
				912863902C92489200172F77 /* HeliAnimationView.swift */,
				91BDE13D2C9F8DEB0003CA36 /* IcaoTypeTableView.swift */,
				91BDE13F2C9FBC160003CA36 /* AircraftTableView.swift */,
				91BDE1412C9FC4F30003CA36 /* CircularProgress.swift */,
			);
			path = Views;
			sourceTree = "<group>";
		};
		9161A5812C8BEA0400BEE1E6 /* Location */ = {
			isa = PBXGroup;
			children = (
				9161A5822C8BEAA200BEE1E6 /* LocationManager.swift */,
			);
			path = Location;
			sourceTree = "<group>";
		};
		91812E4F2C97DF51006388FD /* Traffic */ = {
			isa = PBXGroup;
			children = (
				91812E502C97DF6A006388FD /* TrafficModel.swift */,
				9139459B2C9CACEE00A6FAAA /* TrafficAnnotationView.swift */,
				9139459D2C9CB38C00A6FAAA /* TrafficAnnotation.swift */,
			);
			path = Traffic;
			sourceTree = "<group>";
		};
		918510372C84EDEB005D927C = {
			isa = PBXGroup;
			children = (
				91221CAB2C97AFDF0039725A /* EnvironmentKeys.swift */,
				918510422C84EDEB005D927C /* AirBoss */,
				918510412C84EDEB005D927C /* Products */,
			);
			sourceTree = "<group>";
		};
		918510412C84EDEB005D927C /* Products */ = {
			isa = PBXGroup;
			children = (
				918510402C84EDEB005D927C /* AirBoss.app */,
			);
			name = Products;
			sourceTree = "<group>";
		};
		918510422C84EDEB005D927C /* AirBoss */ = {
			isa = PBXGroup;
			children = (
				91A568F62C9E88E600BE9CE3 /* Components */,
				91B7503C2C8963FE001BEAB9 /* AirBoss.entitlements */,
				91DAABAC2C9DD24300E51DF3 /* Import */,
				91812E4F2C97DF51006388FD /* Traffic */,
				91C3CA242C8E908C00D6B5EE /* Notam */,
				9161A57B2C8BE95E00BEE1E6 /* Models */,
				9161A5812C8BEA0400BEE1E6 /* Location */,
				9161A57E2C8BE9BC00BEE1E6 /* Views */,
				91B750392C894682001BEAB9 /* Map */,
				91B750322C8926FD001BEAB9 /* Weather */,
				913199502C877C410012F1F6 /* Extensions */,
				918510562C853781005D927C /* SwiftData Models */,
				918510532C84EE8A005D927C /* Websocket */,
				918510432C84EDEB005D927C /* AirBossApp.swift */,
				918510452C84EDEB005D927C /* ContentView.swift */,
				918510492C84EDEC005D927C /* Assets.xcassets */,
				9185104B2C84EDEC005D927C /* Preview Content */,
			);
			path = AirBoss;
			sourceTree = "<group>";
		};
		9185104B2C84EDEC005D927C /* Preview Content */ = {
			isa = PBXGroup;
			children = (
				9185104C2C84EDEC005D927C /* Preview Assets.xcassets */,
			);
			path = "Preview Content";
			sourceTree = "<group>";
		};
		918510532C84EE8A005D927C /* Websocket */ = {
			isa = PBXGroup;
			children = (
				91556CD42C9B8F8700614043 /* WebSocketManager.swift */,
			);
			path = Websocket;
			sourceTree = "<group>";
		};
		918510562C853781005D927C /* SwiftData Models */ = {
			isa = PBXGroup;
			children = (
				918510572C8537BF005D927C /* NOT USED ADSB.swift */,
			);
			path = "SwiftData Models";
			sourceTree = "<group>";
		};
		91A568F62C9E88E600BE9CE3 /* Components */ = {
			isa = PBXGroup;
			children = (
				91A568F72C9E890200BE9CE3 /* BlueButtonView.swift */,
				91AB30312CA0F8210077216A /* RedButtonView.swift */,
			);
			path = Components;
			sourceTree = "<group>";
		};
		91B750322C8926FD001BEAB9 /* Weather */ = {
			isa = PBXGroup;
			children = (
				91ADD1BC2C8A4D29002FC779 /* AttributionView.swift */,
				91B750332C892719001BEAB9 /* CurrentWeatherView.swift */,
				91ADD1BA2C8A0818002FC779 /* WeatherManager.swift */,
				91B750352C89278F001BEAB9 /* WeatherBackgroundView.swift */,
				91ADD1BE2C8A6065002FC779 /* DayWeatherView.swift */,
			);
			path = Weather;
			sourceTree = "<group>";
		};
		91B750392C894682001BEAB9 /* Map */ = {
			isa = PBXGroup;
			children = (
				91B7503A2C894699001BEAB9 /* MapView.swift */,
			);
			path = Map;
			sourceTree = "<group>";
		};
		91C3CA242C8E908C00D6B5EE /* Notam */ = {
			isa = PBXGroup;
			children = (
				91C3CA252C8E92FC00D6B5EE /* NotamManager.swift */,
				919807842C8FF71F0005DCCD /* notam.json */,
				912863942C929A0D00172F77 /* NotamData.swift */,
				916BE57D2C95E7A500468DB0 /* NotamAnnotation.swift */,
				916BE57B2C95E78100468DB0 /* NotamAnnotationView.swift */,
			);
			path = Notam;
			sourceTree = "<group>";
		};
		91DAABAC2C9DD24300E51DF3 /* Import */ = {
			isa = PBXGroup;
			children = (
				91DAABAF2C9DD65700E51DF3 /* ImportView.swift */,
				91DAABB12C9DD73000E51DF3 /* ImportPreviewer.swift */,
			);
			path = Import;
			sourceTree = "<group>";
		};
/* End PBXGroup section */

/* Begin PBXNativeTarget section */
		9185103F2C84EDEB005D927C /* AirBoss */ = {
			isa = PBXNativeTarget;
			buildConfigurationList = 918510502C84EDEC005D927C /* Build configuration list for PBXNativeTarget "AirBoss" */;
			buildPhases = (
				9185103C2C84EDEB005D927C /* Sources */,
				9185103D2C84EDEB005D927C /* Frameworks */,
				9185103E2C84EDEB005D927C /* Resources */,
			);
			buildRules = (
			);
			dependencies = (
			);
			name = AirBoss;
			productName = AirBoss;
			productReference = 918510402C84EDEB005D927C /* AirBoss.app */;
			productType = "com.apple.product-type.application";
		};
/* End PBXNativeTarget section */

/* Begin PBXProject section */
		918510382C84EDEB005D927C /* Project object */ = {
			isa = PBXProject;
			attributes = {
				BuildIndependentTargetsInParallel = 1;
				LastSwiftUpdateCheck = 1540;
				LastUpgradeCheck = 1540;
				TargetAttributes = {
					9185103F2C84EDEB005D927C = {
						CreatedOnToolsVersion = 15.4;
					};
				};
			};
			buildConfigurationList = 9185103B2C84EDEB005D927C /* Build configuration list for PBXProject "AirBoss" */;
			compatibilityVersion = "Xcode 14.0";
			developmentRegion = en;
			hasScannedForEncodings = 0;
			knownRegions = (
				en,
				Base,
			);
			mainGroup = 918510372C84EDEB005D927C;
			packageReferences = (
				91556CD12C9B8F5400614043 /* XCRemoteSwiftPackageReference "Starscream" */,
			);
			productRefGroup = 918510412C84EDEB005D927C /* Products */;
			projectDirPath = "";
			projectRoot = "";
			targets = (
				9185103F2C84EDEB005D927C /* AirBoss */,
			);
		};
/* End PBXProject section */

/* Begin PBXResourcesBuildPhase section */
		9185103E2C84EDEB005D927C /* Resources */ = {
			isa = PBXResourcesBuildPhase;
			buildActionMask = 2147483647;
			files = (
				9185104D2C84EDEC005D927C /* Preview Assets.xcassets in Resources */,
				919807852C8FF71F0005DCCD /* notam.json in Resources */,
				9185105A2C853894005D927C /* ADSB.json in Resources */,
				9185104A2C84EDEC005D927C /* Assets.xcassets in Resources */,
			);
			runOnlyForDeploymentPostprocessing = 0;
		};
/* End PBXResourcesBuildPhase section */

/* Begin PBXSourcesBuildPhase section */
		9185103C2C84EDEB005D927C /* Sources */ = {
			isa = PBXSourcesBuildPhase;
			buildActionMask = 2147483647;
			files = (
				9161A5802C8BE9D400BEE1E6 /* LocationDeniedView.swift in Sources */,
				91BDE1422C9FC4F30003CA36 /* CircularProgress.swift in Sources */,
				91ADD1CF2C8A681E002FC779 /* CGFloat+Extensions.swift in Sources */,
				9161A5832C8BEAA200BEE1E6 /* LocationManager.swift in Sources */,
				91AB30322CA0F8210077216A /* RedButtonView.swift in Sources */,
				91C3CA262C8E92FC00D6B5EE /* NotamManager.swift in Sources */,
				918510462C84EDEB005D927C /* ContentView.swift in Sources */,
				91ADD1C82C8A681E002FC779 /* CLLocation+Extensions.swift in Sources */,
				912863912C92489200172F77 /* HeliAnimationView.swift in Sources */,
				912863952C929A0D00172F77 /* NotamData.swift in Sources */,
				9161A57D2C8BE98900BEE1E6 /* HomeLocation.swift in Sources */,
				91ADD1CB2C8A681E002FC779 /* Data+Extensions.swift in Sources */,
				916BE57E2C95E7A500468DB0 /* NotamAnnotation.swift in Sources */,
				91DAABB22C9DD73000E51DF3 /* ImportPreviewer.swift in Sources */,
				91221CAC2C97AFDF0039725A /* EnvironmentKeys.swift in Sources */,
				91B7503B2C894699001BEAB9 /* MapView.swift in Sources */,
				91B750362C89278F001BEAB9 /* WeatherBackgroundView.swift in Sources */,
				91C3CA232C8E904500D6B5EE /* NotamModel.swift in Sources */,
				918510442C84EDEB005D927C /* AirBossApp.swift in Sources */,
				91ADD1BF2C8A6065002FC779 /* DayWeatherView.swift in Sources */,
				91ADD1CE2C8A681E002FC779 /* Double+Extensions.swift in Sources */,
				9194226C2C914C910067231D /* RotorView.swift in Sources */,
				91556CD52C9B8F9000614043 /* WebSocketManager.swift in Sources */,
				91C3CA282C8E992F00D6B5EE /* URLSession+Extension.swift in Sources */,
				91DAABB02C9DD65700E51DF3 /* ImportView.swift in Sources */,
				91ADD1CD2C8A681E002FC779 /* Int+Extensions.swift in Sources */,
				91ADD1CC2C8A681E002FC779 /* CLLocationCoordinate2D+Extensions.swift in Sources */,
				91DAABAB2C9DCA5600E51DF3 /* Aircraft.swift in Sources */,
				91ADD1BB2C8A0818002FC779 /* WeatherManager.swift in Sources */,
				91ADD1C92C8A681E002FC779 /* Date+Extensions.swift in Sources */,
				91BDE13E2C9F8DEB0003CA36 /* IcaoTypeTableView.swift in Sources */,
				918510582C8537BF005D927C /* NOT USED ADSB.swift in Sources */,
				913199522C877CB20012F1F6 /* CodableBundleExtension.swift in Sources */,
				91A568F82C9E890200BE9CE3 /* BlueButtonView.swift in Sources */,
				9139459C2C9CACEE00A6FAAA /* TrafficAnnotationView.swift in Sources */,
				9139459E2C9CB38C00A6FAAA /* TrafficAnnotation.swift in Sources */,
				91ADD1CA2C8A681E002FC779 /* String+Extensions.swift in Sources */,
				91BDE1402C9FBC160003CA36 /* AircraftTableView.swift in Sources */,
				9185105D2C855593005D927C /* ADSB.swift in Sources */,
				91ADD1BD2C8A4D29002FC779 /* AttributionView.swift in Sources */,
				916BE57C2C95E78100468DB0 /* NotamAnnotationView.swift in Sources */,
				91812E512C97DF6A006388FD /* TrafficModel.swift in Sources */,
				91B750342C892719001BEAB9 /* CurrentWeatherView.swift in Sources */,
				91B750382C89290B001BEAB9 /* ColorExtension.swift in Sources */,
			);
			runOnlyForDeploymentPostprocessing = 0;
		};
/* End PBXSourcesBuildPhase section */

/* Begin XCBuildConfiguration section */
		9185104E2C84EDEC005D927C /* Debug */ = {
			isa = XCBuildConfiguration;
			buildSettings = {
				ALWAYS_SEARCH_USER_PATHS = NO;
				ASSETCATALOG_COMPILER_GENERATE_SWIFT_ASSET_SYMBOL_EXTENSIONS = YES;
				CLANG_ANALYZER_NONNULL = YES;
				CLANG_ANALYZER_NUMBER_OBJECT_CONVERSION = YES_AGGRESSIVE;
				CLANG_CXX_LANGUAGE_STANDARD = "gnu++20";
				CLANG_ENABLE_MODULES = YES;
				CLANG_ENABLE_OBJC_ARC = YES;
				CLANG_ENABLE_OBJC_WEAK = YES;
				CLANG_WARN_BLOCK_CAPTURE_AUTORELEASING = YES;
				CLANG_WARN_BOOL_CONVERSION = YES;
				CLANG_WARN_COMMA = YES;
				CLANG_WARN_CONSTANT_CONVERSION = YES;
				CLANG_WARN_DEPRECATED_OBJC_IMPLEMENTATIONS = YES;
				CLANG_WARN_DIRECT_OBJC_ISA_USAGE = YES_ERROR;
				CLANG_WARN_DOCUMENTATION_COMMENTS = YES;
				CLANG_WARN_EMPTY_BODY = YES;
				CLANG_WARN_ENUM_CONVERSION = YES;
				CLANG_WARN_INFINITE_RECURSION = YES;
				CLANG_WARN_INT_CONVERSION = YES;
				CLANG_WARN_NON_LITERAL_NULL_CONVERSION = YES;
				CLANG_WARN_OBJC_IMPLICIT_RETAIN_SELF = YES;
				CLANG_WARN_OBJC_LITERAL_CONVERSION = YES;
				CLANG_WARN_OBJC_ROOT_CLASS = YES_ERROR;
				CLANG_WARN_QUOTED_INCLUDE_IN_FRAMEWORK_HEADER = YES;
				CLANG_WARN_RANGE_LOOP_ANALYSIS = YES;
				CLANG_WARN_STRICT_PROTOTYPES = YES;
				CLANG_WARN_SUSPICIOUS_MOVE = YES;
				CLANG_WARN_UNGUARDED_AVAILABILITY = YES_AGGRESSIVE;
				CLANG_WARN_UNREACHABLE_CODE = YES;
				CLANG_WARN__DUPLICATE_METHOD_MATCH = YES;
				COPY_PHASE_STRIP = NO;
				DEBUG_INFORMATION_FORMAT = dwarf;
				ENABLE_STRICT_OBJC_MSGSEND = YES;
				ENABLE_TESTABILITY = YES;
				ENABLE_USER_SCRIPT_SANDBOXING = YES;
				GCC_C_LANGUAGE_STANDARD = gnu17;
				GCC_DYNAMIC_NO_PIC = NO;
				GCC_NO_COMMON_BLOCKS = YES;
				GCC_OPTIMIZATION_LEVEL = 0;
				GCC_PREPROCESSOR_DEFINITIONS = (
					"DEBUG=1",
					"$(inherited)",
				);
				GCC_WARN_64_TO_32_BIT_CONVERSION = YES;
				GCC_WARN_ABOUT_RETURN_TYPE = YES_ERROR;
				GCC_WARN_UNDECLARED_SELECTOR = YES;
				GCC_WARN_UNINITIALIZED_AUTOS = YES_AGGRESSIVE;
				GCC_WARN_UNUSED_FUNCTION = YES;
				GCC_WARN_UNUSED_VARIABLE = YES;
				IPHONEOS_DEPLOYMENT_TARGET = 17.5;
				LOCALIZATION_PREFERS_STRING_CATALOGS = YES;
				MTL_ENABLE_DEBUG_INFO = INCLUDE_SOURCE;
				MTL_FAST_MATH = YES;
				ONLY_ACTIVE_ARCH = YES;
				SDKROOT = iphoneos;
				SWIFT_ACTIVE_COMPILATION_CONDITIONS = "DEBUG $(inherited)";
				SWIFT_OPTIMIZATION_LEVEL = "-Onone";
			};
			name = Debug;
		};
		9185104F2C84EDEC005D927C /* Release */ = {
			isa = XCBuildConfiguration;
			buildSettings = {
				ALWAYS_SEARCH_USER_PATHS = NO;
				ASSETCATALOG_COMPILER_GENERATE_SWIFT_ASSET_SYMBOL_EXTENSIONS = YES;
				CLANG_ANALYZER_NONNULL = YES;
				CLANG_ANALYZER_NUMBER_OBJECT_CONVERSION = YES_AGGRESSIVE;
				CLANG_CXX_LANGUAGE_STANDARD = "gnu++20";
				CLANG_ENABLE_MODULES = YES;
				CLANG_ENABLE_OBJC_ARC = YES;
				CLANG_ENABLE_OBJC_WEAK = YES;
				CLANG_WARN_BLOCK_CAPTURE_AUTORELEASING = YES;
				CLANG_WARN_BOOL_CONVERSION = YES;
				CLANG_WARN_COMMA = YES;
				CLANG_WARN_CONSTANT_CONVERSION = YES;
				CLANG_WARN_DEPRECATED_OBJC_IMPLEMENTATIONS = YES;
				CLANG_WARN_DIRECT_OBJC_ISA_USAGE = YES_ERROR;
				CLANG_WARN_DOCUMENTATION_COMMENTS = YES;
				CLANG_WARN_EMPTY_BODY = YES;
				CLANG_WARN_ENUM_CONVERSION = YES;
				CLANG_WARN_INFINITE_RECURSION = YES;
				CLANG_WARN_INT_CONVERSION = YES;
				CLANG_WARN_NON_LITERAL_NULL_CONVERSION = YES;
				CLANG_WARN_OBJC_IMPLICIT_RETAIN_SELF = YES;
				CLANG_WARN_OBJC_LITERAL_CONVERSION = YES;
				CLANG_WARN_OBJC_ROOT_CLASS = YES_ERROR;
				CLANG_WARN_QUOTED_INCLUDE_IN_FRAMEWORK_HEADER = YES;
				CLANG_WARN_RANGE_LOOP_ANALYSIS = YES;
				CLANG_WARN_STRICT_PROTOTYPES = YES;
				CLANG_WARN_SUSPICIOUS_MOVE = YES;
				CLANG_WARN_UNGUARDED_AVAILABILITY = YES_AGGRESSIVE;
				CLANG_WARN_UNREACHABLE_CODE = YES;
				CLANG_WARN__DUPLICATE_METHOD_MATCH = YES;
				COPY_PHASE_STRIP = NO;
				DEBUG_INFORMATION_FORMAT = "dwarf-with-dsym";
				ENABLE_NS_ASSERTIONS = NO;
				ENABLE_STRICT_OBJC_MSGSEND = YES;
				ENABLE_USER_SCRIPT_SANDBOXING = YES;
				GCC_C_LANGUAGE_STANDARD = gnu17;
				GCC_NO_COMMON_BLOCKS = YES;
				GCC_WARN_64_TO_32_BIT_CONVERSION = YES;
				GCC_WARN_ABOUT_RETURN_TYPE = YES_ERROR;
				GCC_WARN_UNDECLARED_SELECTOR = YES;
				GCC_WARN_UNINITIALIZED_AUTOS = YES_AGGRESSIVE;
				GCC_WARN_UNUSED_FUNCTION = YES;
				GCC_WARN_UNUSED_VARIABLE = YES;
				IPHONEOS_DEPLOYMENT_TARGET = 17.5;
				LOCALIZATION_PREFERS_STRING_CATALOGS = YES;
				MTL_ENABLE_DEBUG_INFO = NO;
				MTL_FAST_MATH = YES;
				SDKROOT = iphoneos;
				SWIFT_COMPILATION_MODE = wholemodule;
				VALIDATE_PRODUCT = YES;
			};
			name = Release;
		};
		918510512C84EDEC005D927C /* Debug */ = {
			isa = XCBuildConfiguration;
			buildSettings = {
				ASSETCATALOG_COMPILER_APPICON_NAME = AppIcon;
				ASSETCATALOG_COMPILER_GLOBAL_ACCENT_COLOR_NAME = AccentColor;
				CODE_SIGN_ENTITLEMENTS = AirBoss/AirBoss.entitlements;
				CODE_SIGN_STYLE = Automatic;
				CURRENT_PROJECT_VERSION = 1;
				DEVELOPMENT_ASSET_PATHS = "\"AirBoss/Preview Content\"";
				DEVELOPMENT_TEAM = GM5X4JR465;
				ENABLE_PREVIEWS = YES;
				GENERATE_INFOPLIST_FILE = YES;
				INFOPLIST_KEY_LSApplicationCategoryType = "public.app-category.education";
				INFOPLIST_KEY_NSLocationWhenInUseUsageDescription = "";
				INFOPLIST_KEY_UIApplicationSceneManifest_Generation = YES;
				INFOPLIST_KEY_UIApplicationSupportsIndirectInputEvents = YES;
				INFOPLIST_KEY_UILaunchScreen_Generation = YES;
				INFOPLIST_KEY_UIRequiresFullScreen = YES;
				INFOPLIST_KEY_UISupportedInterfaceOrientations = "UIInterfaceOrientationLandscapeLeft UIInterfaceOrientationLandscapeRight UIInterfaceOrientationPortrait UIInterfaceOrientationPortraitUpsideDown";
				LD_RUNPATH_SEARCH_PATHS = (
					"$(inherited)",
					"@executable_path/Frameworks",
				);
				MARKETING_VERSION = 1.0;
				PRODUCT_BUNDLE_IDENTIFIER = doughaacke.app.AirBoss;
				PRODUCT_NAME = "$(TARGET_NAME)";
				SUPPORTED_PLATFORMS = "iphoneos iphonesimulator";
				SUPPORTS_MACCATALYST = NO;
				SUPPORTS_XR_DESIGNED_FOR_IPHONE_IPAD = NO;
				SWIFT_EMIT_LOC_STRINGS = YES;
				SWIFT_VERSION = 5.0;
				TARGETED_DEVICE_FAMILY = "1,2";
			};
			name = Debug;
		};
		918510522C84EDEC005D927C /* Release */ = {
			isa = XCBuildConfiguration;
			buildSettings = {
				ASSETCATALOG_COMPILER_APPICON_NAME = AppIcon;
				ASSETCATALOG_COMPILER_GLOBAL_ACCENT_COLOR_NAME = AccentColor;
				CODE_SIGN_ENTITLEMENTS = AirBoss/AirBoss.entitlements;
				CODE_SIGN_STYLE = Automatic;
				CURRENT_PROJECT_VERSION = 1;
				DEVELOPMENT_ASSET_PATHS = "\"AirBoss/Preview Content\"";
				DEVELOPMENT_TEAM = GM5X4JR465;
				ENABLE_PREVIEWS = YES;
				GENERATE_INFOPLIST_FILE = YES;
				INFOPLIST_KEY_LSApplicationCategoryType = "public.app-category.education";
				INFOPLIST_KEY_NSLocationWhenInUseUsageDescription = "";
				INFOPLIST_KEY_UIApplicationSceneManifest_Generation = YES;
				INFOPLIST_KEY_UIApplicationSupportsIndirectInputEvents = YES;
				INFOPLIST_KEY_UILaunchScreen_Generation = YES;
				INFOPLIST_KEY_UIRequiresFullScreen = YES;
				INFOPLIST_KEY_UISupportedInterfaceOrientations = "UIInterfaceOrientationLandscapeLeft UIInterfaceOrientationLandscapeRight UIInterfaceOrientationPortrait UIInterfaceOrientationPortraitUpsideDown";
				LD_RUNPATH_SEARCH_PATHS = (
					"$(inherited)",
					"@executable_path/Frameworks",
				);
				MARKETING_VERSION = 1.0;
				PRODUCT_BUNDLE_IDENTIFIER = doughaacke.app.AirBoss;
				PRODUCT_NAME = "$(TARGET_NAME)";
				SUPPORTED_PLATFORMS = "iphoneos iphonesimulator";
				SUPPORTS_MACCATALYST = NO;
				SUPPORTS_XR_DESIGNED_FOR_IPHONE_IPAD = NO;
				SWIFT_EMIT_LOC_STRINGS = YES;
				SWIFT_VERSION = 5.0;
				TARGETED_DEVICE_FAMILY = "1,2";
			};
			name = Release;
		};
/* End XCBuildConfiguration section */

/* Begin XCConfigurationList section */
		9185103B2C84EDEB005D927C /* Build configuration list for PBXProject "AirBoss" */ = {
			isa = XCConfigurationList;
			buildConfigurations = (
				9185104E2C84EDEC005D927C /* Debug */,
				9185104F2C84EDEC005D927C /* Release */,
			);
			defaultConfigurationIsVisible = 0;
			defaultConfigurationName = Release;
		};
		918510502C84EDEC005D927C /* Build configuration list for PBXNativeTarget "AirBoss" */ = {
			isa = XCConfigurationList;
			buildConfigurations = (
				918510512C84EDEC005D927C /* Debug */,
				918510522C84EDEC005D927C /* Release */,
			);
			defaultConfigurationIsVisible = 0;
			defaultConfigurationName = Release;
		};
/* End XCConfigurationList section */

/* Begin XCRemoteSwiftPackageReference section */
		91556CD12C9B8F5400614043 /* XCRemoteSwiftPackageReference "Starscream" */ = {
			isa = XCRemoteSwiftPackageReference;
			repositoryURL = "https://github.com/daltoniam/Starscream";
			requirement = {
				kind = upToNextMajorVersion;
				minimumVersion = 4.0.8;
			};
		};
/* End XCRemoteSwiftPackageReference section */

/* Begin XCSwiftPackageProductDependency section */
		91556CD22C9B8F5400614043 /* Starscream */ = {
			isa = XCSwiftPackageProductDependency;
			package = 91556CD12C9B8F5400614043 /* XCRemoteSwiftPackageReference "Starscream" */;
			productName = Starscream;
		};
		91AB30332CA2270F0077216A /* Starscream */ = {
			isa = XCSwiftPackageProductDependency;
			package = 91556CD12C9B8F5400614043 /* XCRemoteSwiftPackageReference "Starscream" */;
			productName = Starscream;
		};
/* End XCSwiftPackageProductDependency section */
	};
	rootObject = 918510382C84EDEB005D927C /* Project object */;
}
